// !$*UTF8*$!
{
	archiveVersion = 1;
	classes = {
	};
	objectVersion = 45;
	objects = {

/* Begin PBXBuildFile section */
		8DD76F650486A84900D96B5E /* main.cpp in Sources */ = {isa = PBXBuildFile; fileRef = 08FB7796FE84155DC02AAC07 /* main.cpp */; settings = {ATTRIBUTES = (); }; };
		8DD76F6A0486A84900D96B5E /* Nebula Horizon.1 in CopyFiles */ = {isa = PBXBuildFile; fileRef = C6859E8B029090EE04C91782 /* Nebula Horizon.1 */; };
		B03D60FF10B889C20064CF36 /* WavefrontGLMeshLoader.cpp in Sources */ = {isa = PBXBuildFile; fileRef = B03D60FE10B889C20064CF36 /* WavefrontGLMeshLoader.cpp */; };
		B03D610410B88D310064CF36 /* GLDisplayList.cpp in Sources */ = {isa = PBXBuildFile; fileRef = B03D610310B88D310064CF36 /* GLDisplayList.cpp */; };
		B03D610710B88E0A0064CF36 /* Renderable.cpp in Sources */ = {isa = PBXBuildFile; fileRef = B03D610610B88E0A0064CF36 /* Renderable.cpp */; };
		B03D620410B8B7E30064CF36 /* viper.obj in CopyFiles */ = {isa = PBXBuildFile; fileRef = B03D620310B8B7C00064CF36 /* viper.obj */; };
		B03D620510B8B7E80064CF36 /* viper.mtl in CopyFiles */ = {isa = PBXBuildFile; fileRef = B03D620210B8B7C00064CF36 /* viper.mtl */; };
		B0E73A1D10B787FE00462062 /* GLMeshLoader.cpp in Sources */ = {isa = PBXBuildFile; fileRef = B0E73A1C10B787FE00462062 /* GLMeshLoader.cpp */; };
		B0EFE70210AFBDA8001D94BF /* Cocoa.framework in Frameworks */ = {isa = PBXBuildFile; fileRef = B0EFE70110AFBDA7001D94BF /* Cocoa.framework */; };
		B0EFE70410AFBDA8001D94BF /* GLUT.framework in Frameworks */ = {isa = PBXBuildFile; fileRef = B0EFE70310AFBDA8001D94BF /* GLUT.framework */; };
		B0EFE70610AFBDA8001D94BF /* OpenGL.framework in Frameworks */ = {isa = PBXBuildFile; fileRef = B0EFE70510AFBDA8001D94BF /* OpenGL.framework */; };
		B0F0B09810AFE20700E25FA3 /* RenderQueue.cpp in Sources */ = {isa = PBXBuildFile; fileRef = B0F0B09710AFE20700E25FA3 /* RenderQueue.cpp */; };
		B0F0B23B10B4FF4600E25FA3 /* MeshLoader.cpp in Sources */ = {isa = PBXBuildFile; fileRef = B0F0B23A10B4FF4600E25FA3 /* MeshLoader.cpp */; };
		B0FA704810BB434600FF64DB /* OpenAL.framework in Frameworks */ = {isa = PBXBuildFile; fileRef = B0FA704710BB434600FF64DB /* OpenAL.framework */; };
/* End PBXBuildFile section */

/* Begin PBXCopyFilesBuildPhase section */
		8DD76F690486A84900D96B5E /* CopyFiles */ = {
			isa = PBXCopyFilesBuildPhase;
			buildActionMask = 8;
			dstPath = /usr/share/man/man1/;
			dstSubfolderSpec = 0;
			files = (
				8DD76F6A0486A84900D96B5E /* Nebula Horizon.1 in CopyFiles */,
			);
			runOnlyForDeploymentPostprocessing = 1;
		};
		B0F0B13410B1143400E25FA3 /* CopyFiles */ = {
			isa = PBXCopyFilesBuildPhase;
			buildActionMask = 12;
			dstPath = meshes;
			dstSubfolderSpec = 7;
			files = (
				B03D620510B8B7E80064CF36 /* viper.mtl in CopyFiles */,
				B03D620410B8B7E30064CF36 /* viper.obj in CopyFiles */,
			);
			runOnlyForDeploymentPostprocessing = 0;
		};
/* End PBXCopyFilesBuildPhase section */

/* Begin PBXFileReference section */
		08FB7796FE84155DC02AAC07 /* main.cpp */ = {isa = PBXFileReference; fileEncoding = 4; lastKnownFileType = sourcecode.cpp.cpp; path = main.cpp; sourceTree = "<group>"; };
		8DD76F6C0486A84900D96B5E /* Nebula Horizon */ = {isa = PBXFileReference; explicitFileType = "compiled.mach-o.executable"; includeInIndex = 0; path = "Nebula Horizon"; sourceTree = BUILT_PRODUCTS_DIR; };
		B03D5F7B10B7B8CB0064CF36 /* Triple.h */ = {isa = PBXFileReference; fileEncoding = 4; lastKnownFileType = sourcecode.c.h; path = Triple.h; sourceTree = "<group>"; };
		B03D5F8510B7BB810064CF36 /* Quadruple.h */ = {isa = PBXFileReference; fileEncoding = 4; lastKnownFileType = sourcecode.c.h; path = Quadruple.h; sourceTree = "<group>"; };
		B03D60FD10B889C20064CF36 /* WavefrontGLMeshLoader.h */ = {isa = PBXFileReference; fileEncoding = 4; lastKnownFileType = sourcecode.c.h; path = WavefrontGLMeshLoader.h; sourceTree = "<group>"; };
		B03D60FE10B889C20064CF36 /* WavefrontGLMeshLoader.cpp */ = {isa = PBXFileReference; fileEncoding = 4; lastKnownFileType = sourcecode.cpp.cpp; path = WavefrontGLMeshLoader.cpp; sourceTree = "<group>"; };
		B03D610210B88D310064CF36 /* GLDisplayList.h */ = {isa = PBXFileReference; fileEncoding = 4; lastKnownFileType = sourcecode.c.h; path = GLDisplayList.h; sourceTree = "<group>"; };
		B03D610310B88D310064CF36 /* GLDisplayList.cpp */ = {isa = PBXFileReference; fileEncoding = 4; lastKnownFileType = sourcecode.cpp.cpp; path = GLDisplayList.cpp; sourceTree = "<group>"; };
		B03D610610B88E0A0064CF36 /* Renderable.cpp */ = {isa = PBXFileReference; fileEncoding = 4; lastKnownFileType = sourcecode.cpp.cpp; path = Renderable.cpp; sourceTree = "<group>"; };
		B03D620210B8B7C00064CF36 /* viper.mtl */ = {isa = PBXFileReference; fileEncoding = 4; lastKnownFileType = text; path = viper.mtl; sourceTree = "<group>"; };
		B03D620310B8B7C00064CF36 /* viper.obj */ = {isa = PBXFileReference; fileEncoding = 4; lastKnownFileType = text; path = viper.obj; sourceTree = "<group>"; };
		B0E73A1B10B787FE00462062 /* GLMeshLoader.h */ = {isa = PBXFileReference; fileEncoding = 4; lastKnownFileType = sourcecode.c.h; path = GLMeshLoader.h; sourceTree = "<group>"; };
		B0E73A1C10B787FE00462062 /* GLMeshLoader.cpp */ = {isa = PBXFileReference; fileEncoding = 4; lastKnownFileType = sourcecode.cpp.cpp; path = GLMeshLoader.cpp; sourceTree = "<group>"; };
		B0E73A2710B7ADAC00462062 /* Tuple.h */ = {isa = PBXFileReference; fileEncoding = 4; lastKnownFileType = sourcecode.c.h; path = Tuple.h; sourceTree = "<group>"; };
		B0EFE70110AFBDA7001D94BF /* Cocoa.framework */ = {isa = PBXFileReference; lastKnownFileType = wrapper.framework; name = Cocoa.framework; path = /System/Library/Frameworks/Cocoa.framework; sourceTree = "<absolute>"; };
		B0EFE70310AFBDA8001D94BF /* GLUT.framework */ = {isa = PBXFileReference; lastKnownFileType = wrapper.framework; name = GLUT.framework; path = /System/Library/Frameworks/GLUT.framework; sourceTree = "<absolute>"; };
		B0EFE70510AFBDA8001D94BF /* OpenGL.framework */ = {isa = PBXFileReference; lastKnownFileType = wrapper.framework; name = OpenGL.framework; path = /System/Library/Frameworks/OpenGL.framework; sourceTree = "<absolute>"; };
		B0F0B09310AFDBDD00E25FA3 /* RenderQueue.h */ = {isa = PBXFileReference; fileEncoding = 4; lastKnownFileType = sourcecode.c.h; path = RenderQueue.h; sourceTree = "<group>"; };
		B0F0B09710AFE20700E25FA3 /* RenderQueue.cpp */ = {isa = PBXFileReference; fileEncoding = 4; lastKnownFileType = sourcecode.cpp.cpp; path = RenderQueue.cpp; sourceTree = "<group>"; };
		B0F0B0B810B093D500E25FA3 /* Renderable.h */ = {isa = PBXFileReference; fileEncoding = 4; lastKnownFileType = sourcecode.c.h; path = Renderable.h; sourceTree = "<group>"; };
		B0F0B11110B10E4000E25FA3 /* Viper.blend */ = {isa = PBXFileReference; lastKnownFileType = file; path = Viper.blend; sourceTree = "<group>"; };
		B0F0B23910B4FF4600E25FA3 /* MeshLoader.h */ = {isa = PBXFileReference; fileEncoding = 4; lastKnownFileType = sourcecode.c.h; path = MeshLoader.h; sourceTree = "<group>"; };
		B0F0B23A10B4FF4600E25FA3 /* MeshLoader.cpp */ = {isa = PBXFileReference; fileEncoding = 4; lastKnownFileType = sourcecode.cpp.cpp; path = MeshLoader.cpp; sourceTree = "<group>"; };
		B0FA704710BB434600FF64DB /* OpenAL.framework */ = {isa = PBXFileReference; lastKnownFileType = wrapper.framework; name = OpenAL.framework; path = /System/Library/Frameworks/OpenAL.framework; sourceTree = "<absolute>"; };
		C6859E8B029090EE04C91782 /* Nebula Horizon.1 */ = {isa = PBXFileReference; lastKnownFileType = text.man; path = "Nebula Horizon.1"; sourceTree = "<group>"; };
/* End PBXFileReference section */

/* Begin PBXFrameworksBuildPhase section */
		8DD76F660486A84900D96B5E /* Frameworks */ = {
			isa = PBXFrameworksBuildPhase;
			buildActionMask = 2147483647;
			files = (
				B0EFE70210AFBDA8001D94BF /* Cocoa.framework in Frameworks */,
				B0EFE70410AFBDA8001D94BF /* GLUT.framework in Frameworks */,
				B0EFE70610AFBDA8001D94BF /* OpenGL.framework in Frameworks */,
				B0FA704810BB434600FF64DB /* OpenAL.framework in Frameworks */,
			);
			runOnlyForDeploymentPostprocessing = 0;
		};
/* End PBXFrameworksBuildPhase section */

/* Begin PBXGroup section */
		08FB7794FE84155DC02AAC07 /* Nebula Horizon */ = {
			isa = PBXGroup;
			children = (
				B0F0B11810B10EE400E25FA3 /* Meshes */,
				B0F0B11010B10E4000E25FA3 /* Models */,
				08FB7795FE84155DC02AAC07 /* Source */,
				C6859E8C029090F304C91782 /* Documentation */,
				1AB674ADFE9D54B511CA2CBB /* Products */,
				B0EFE70110AFBDA7001D94BF /* Cocoa.framework */,
				B0EFE70310AFBDA8001D94BF /* GLUT.framework */,
				B0EFE70510AFBDA8001D94BF /* OpenGL.framework */,
				B0FA704710BB434600FF64DB /* OpenAL.framework */,
			);
			name = "Nebula Horizon";
			sourceTree = "<group>";
		};
		08FB7795FE84155DC02AAC07 /* Source */ = {
			isa = PBXGroup;
			children = (
				08FB7796FE84155DC02AAC07 /* main.cpp */,
				B0F0B09310AFDBDD00E25FA3 /* RenderQueue.h */,
				B0F0B09710AFE20700E25FA3 /* RenderQueue.cpp */,
				B0F0B0B810B093D500E25FA3 /* Renderable.h */,
				B03D610610B88E0A0064CF36 /* Renderable.cpp */,
				B0F0B23910B4FF4600E25FA3 /* MeshLoader.h */,
				B0F0B23A10B4FF4600E25FA3 /* MeshLoader.cpp */,
				B0E73A1B10B787FE00462062 /* GLMeshLoader.h */,
				B0E73A1C10B787FE00462062 /* GLMeshLoader.cpp */,
				B0E73A2710B7ADAC00462062 /* Tuple.h */,
				B03D5F7B10B7B8CB0064CF36 /* Triple.h */,
				B03D5F8510B7BB810064CF36 /* Quadruple.h */,
				B03D60FD10B889C20064CF36 /* WavefrontGLMeshLoader.h */,
				B03D60FE10B889C20064CF36 /* WavefrontGLMeshLoader.cpp */,
				B03D610210B88D310064CF36 /* GLDisplayList.h */,
				B03D610310B88D310064CF36 /* GLDisplayList.cpp */,
			);
			name = Source;
			path = src;
			sourceTree = "<group>";
		};
		1AB674ADFE9D54B511CA2CBB /* Products */ = {
			isa = PBXGroup;
			children = (
				8DD76F6C0486A84900D96B5E /* Nebula Horizon */,
			);
			name = Products;
			sourceTree = "<group>";
		};
		B0F0B11010B10E4000E25FA3 /* Models */ = {
			isa = PBXGroup;
			children = (
				B0F0B11110B10E4000E25FA3 /* Viper.blend */,
			);
			name = Models;
			path = models;
			sourceTree = "<group>";
		};
		B0F0B11810B10EE400E25FA3 /* Meshes */ = {
			isa = PBXGroup;
			children = (
				B03D620210B8B7C00064CF36 /* viper.mtl */,
				B03D620310B8B7C00064CF36 /* viper.obj */,
			);
			name = Meshes;
			path = meshes;
			sourceTree = "<group>";
		};
		C6859E8C029090F304C91782 /* Documentation */ = {
			isa = PBXGroup;
			children = (
				C6859E8B029090EE04C91782 /* Nebula Horizon.1 */,
			);
			name = Documentation;
			sourceTree = "<group>";
		};
/* End PBXGroup section */

/* Begin PBXNativeTarget section */
		8DD76F620486A84900D96B5E /* Nebula Horizon */ = {
			isa = PBXNativeTarget;
			buildConfigurationList = 1DEB923108733DC60010E9CD /* Build configuration list for PBXNativeTarget "Nebula Horizon" */;
			buildPhases = (
				8DD76F640486A84900D96B5E /* Sources */,
				8DD76F660486A84900D96B5E /* Frameworks */,
				8DD76F690486A84900D96B5E /* CopyFiles */,
				B0F0B13410B1143400E25FA3 /* CopyFiles */,
			);
			buildRules = (
			);
			dependencies = (
			);
			name = "Nebula Horizon";
			productInstallPath = "$(HOME)/bin";
			productName = "Nebula Horizon";
			productReference = 8DD76F6C0486A84900D96B5E /* Nebula Horizon */;
			productType = "com.apple.product-type.tool";
		};
/* End PBXNativeTarget section */

/* Begin PBXProject section */
		08FB7793FE84155DC02AAC07 /* Project object */ = {
			isa = PBXProject;
			buildConfigurationList = 1DEB923508733DC60010E9CD /* Build configuration list for PBXProject "Nebula Horizon" */;
			compatibilityVersion = "Xcode 3.1";
			hasScannedForEncodings = 1;
			mainGroup = 08FB7794FE84155DC02AAC07 /* Nebula Horizon */;
			projectDirPath = "";
			projectRoot = "";
			targets = (
				8DD76F620486A84900D96B5E /* Nebula Horizon */,
			);
		};
/* End PBXProject section */

/* Begin PBXSourcesBuildPhase section */
		8DD76F640486A84900D96B5E /* Sources */ = {
			isa = PBXSourcesBuildPhase;
			buildActionMask = 2147483647;
			files = (
				8DD76F650486A84900D96B5E /* main.cpp in Sources */,
				B0F0B09810AFE20700E25FA3 /* RenderQueue.cpp in Sources */,
				B0F0B23B10B4FF4600E25FA3 /* MeshLoader.cpp in Sources */,
				B0E73A1D10B787FE00462062 /* GLMeshLoader.cpp in Sources */,
				B03D60FF10B889C20064CF36 /* WavefrontGLMeshLoader.cpp in Sources */,
				B03D610410B88D310064CF36 /* GLDisplayList.cpp in Sources */,
				B03D610710B88E0A0064CF36 /* Renderable.cpp in Sources */,
			);
			runOnlyForDeploymentPostprocessing = 0;
		};
/* End PBXSourcesBuildPhase section */

/* Begin XCBuildConfiguration section */
		1DEB923208733DC60010E9CD /* Debug */ = {
			isa = XCBuildConfiguration;
			buildSettings = {
				ALWAYS_SEARCH_USER_PATHS = NO;
				COPY_PHASE_STRIP = NO;
				FRAMEWORK_SEARCH_PATHS = (
					"$(inherited)",
					/Volumes/SDL,
					"\"$(SRCROOT)/frameworks\"",
				);
				GCC_DYNAMIC_NO_PIC = NO;
				GCC_ENABLE_FIX_AND_CONTINUE = YES;
				GCC_MODEL_TUNING = G5;
				GCC_OPTIMIZATION_LEVEL = 0;
				GCC_PREPROCESSOR_DEFINITIONS = (
					"_GLIBCXX_DEBUG=1",
					"_GLIBCXX_DEBUG_PEDANTIC=1",
				);
				INSTALL_PATH = /usr/local/bin;
				PRODUCT_NAME = "Nebula Horizon";
			};
			name = Debug;
		};
		1DEB923308733DC60010E9CD /* Release */ = {
			isa = XCBuildConfiguration;
			buildSettings = {
				ALWAYS_SEARCH_USER_PATHS = NO;
				DEBUG_INFORMATION_FORMAT = "dwarf-with-dsym";
				FRAMEWORK_SEARCH_PATHS = (
					"$(inherited)",
					/Volumes/SDL,
					"\"$(SRCROOT)/frameworks\"",
				);
				GCC_MODEL_TUNING = G5;
				INSTALL_PATH = /usr/local/bin;
				PRODUCT_NAME = "Nebula Horizon";
			};
			name = Release;
		};
		1DEB923608733DC60010E9CD /* Debug */ = {
			isa = XCBuildConfiguration;
			buildSettings = {
				ARCHS = "$(ARCHS_STANDARD_32_64_BIT)";
				GCC_C_LANGUAGE_STANDARD = gnu99;
				GCC_OPTIMIZATION_LEVEL = 0;
				GCC_WARN_ABOUT_RETURN_TYPE = YES;
				GCC_WARN_UNUSED_VARIABLE = YES;
				ONLY_ACTIVE_ARCH = YES;
				PREBINDING = NO;
				SDKROOT = macosx10.6;
			};
			name = Debug;
		};
		1DEB923708733DC60010E9CD /* Release */ = {
			isa = XCBuildConfiguration;
			buildSettings = {
				ARCHS = "$(ARCHS_STANDARD_32_64_BIT)";
				GCC_C_LANGUAGE_STANDARD = gnu99;
				GCC_WARN_ABOUT_RETURN_TYPE = YES;
				GCC_WARN_UNUSED_VARIABLE = YES;
				PREBINDING = NO;
				SDKROOT = macosx10.6;
			};
			name = Release;
		};
/* End XCBuildConfiguration section */

/* Begin XCConfigurationList section */
		1DEB923108733DC60010E9CD /* Build configuration list for PBXNativeTarget "Nebula Horizon" */ = {
			isa = XCConfigurationList;
			buildConfigurations = (
				1DEB923208733DC60010E9CD /* Debug */,
				1DEB923308733DC60010E9CD /* Release */,
			);
			defaultConfigurationIsVisible = 0;
			defaultConfigurationName = Release;
		};
		1DEB923508733DC60010E9CD /* Build configuration list for PBXProject "Nebula Horizon" */ = {
			isa = XCConfigurationList;
			buildConfigurations = (
				1DEB923608733DC60010E9CD /* Debug */,
				1DEB923708733DC60010E9CD /* Release */,
			);
			defaultConfigurationIsVisible = 0;
			defaultConfigurationName = Release;
		};
/* End XCConfigurationList section */
	};
	rootObject = 08FB7793FE84155DC02AAC07 /* Project object */;
}
