// !$*UTF8*$!
{
	archiveVersion = 1;
	classes = {
	};
	objectVersion = 45;
	objects = {

/* Begin PBXBuildFile section */
		1DDD58160DA1D0A300B32029 /* MainMenu.xib in Resources */ = {isa = PBXBuildFile; fileRef = 1DDD58140DA1D0A300B32029 /* MainMenu.xib */; };
		256AC3DA0F4B6AC300CF3369 /* Nebula_HorizonAppDelegate.mm in Sources */ = {isa = PBXBuildFile; fileRef = 256AC3D90F4B6AC300CF3369 /* Nebula_HorizonAppDelegate.mm */; };
		8D11072B0486CEB800E47090 /* InfoPlist.strings in Resources */ = {isa = PBXBuildFile; fileRef = 089C165CFE840E0CC02AAC07 /* InfoPlist.strings */; };
		8D11072D0486CEB800E47090 /* main.mm in Sources */ = {isa = PBXBuildFile; fileRef = 29B97316FDCFA39411CA2CEA /* main.mm */; settings = {ATTRIBUTES = (); }; };
		8D11072F0486CEB800E47090 /* Cocoa.framework in Frameworks */ = {isa = PBXBuildFile; fileRef = 1058C7A1FEA54F0111CA2CBB /* Cocoa.framework */; };
		B02CBB1810BD1AA500A6AEA0 /* Skycube.cpp in Sources */ = {isa = PBXBuildFile; fileRef = B02CBB1710BD1AA500A6AEA0 /* Skycube.cpp */; };
		B02CBB2C10BD1E7400A6AEA0 /* TextureLoader.cpp in Sources */ = {isa = PBXBuildFile; fileRef = B02CBB2B10BD1E7400A6AEA0 /* TextureLoader.cpp */; };
		B02CBB3C10BD241100A6AEA0 /* RawTextureLoader.cpp in Sources */ = {isa = PBXBuildFile; fileRef = B02CBB3B10BD241100A6AEA0 /* RawTextureLoader.cpp */; };
		B0E7507210BB94E7003CA104 /* GLDisplayList.cpp in Sources */ = {isa = PBXBuildFile; fileRef = B0E7506210BB94E7003CA104 /* GLDisplayList.cpp */; };
		B0E7507310BB94E7003CA104 /* GLMeshLoader.cpp in Sources */ = {isa = PBXBuildFile; fileRef = B0E7506410BB94E7003CA104 /* GLMeshLoader.cpp */; };
		B0E7507510BB94E7003CA104 /* MeshLoader.cpp in Sources */ = {isa = PBXBuildFile; fileRef = B0E7506710BB94E7003CA104 /* MeshLoader.cpp */; };
		B0E7507610BB94E7003CA104 /* Renderable.cpp in Sources */ = {isa = PBXBuildFile; fileRef = B0E7506A10BB94E7003CA104 /* Renderable.cpp */; };
		B0E7507710BB94E7003CA104 /* RenderQueue.cpp in Sources */ = {isa = PBXBuildFile; fileRef = B0E7506C10BB94E7003CA104 /* RenderQueue.cpp */; };
		B0E7507810BB94E7003CA104 /* WavefrontGLMeshLoader.cpp in Sources */ = {isa = PBXBuildFile; fileRef = B0E7507010BB94E7003CA104 /* WavefrontGLMeshLoader.cpp */; };
		B0E750B010BBA740003CA104 /* handlers.cpp in Sources */ = {isa = PBXBuildFile; fileRef = B0E750AF10BBA740003CA104 /* handlers.cpp */; };
		B0E7510610BBAD30003CA104 /* GLUT.framework in Frameworks */ = {isa = PBXBuildFile; fileRef = B0E7510510BBAD30003CA104 /* GLUT.framework */; };
		B0E7510810BBAD30003CA104 /* OpenAL.framework in Frameworks */ = {isa = PBXBuildFile; fileRef = B0E7510710BBAD30003CA104 /* OpenAL.framework */; };
		B0E7510A10BBAD30003CA104 /* OpenGL.framework in Frameworks */ = {isa = PBXBuildFile; fileRef = B0E7510910BBAD30003CA104 /* OpenGL.framework */; };
		B0E7514110BBB3C3003CA104 /* Nebula Horizon.icns in Resources */ = {isa = PBXBuildFile; fileRef = B0E7514010BBB3C3003CA104 /* Nebula Horizon.icns */; };
		B0E7514D10BBB3FF003CA104 /* viper.mtl in Resources */ = {isa = PBXBuildFile; fileRef = B0E7514B10BBB3FF003CA104 /* viper.mtl */; };
		B0E7514E10BBB3FF003CA104 /* viper.obj in Resources */ = {isa = PBXBuildFile; fileRef = B0E7514C10BBB3FF003CA104 /* viper.obj */; };
		B0E7519310BBBCAE003CA104 /* Player.cpp in Sources */ = {isa = PBXBuildFile; fileRef = B0E7519210BBBCAE003CA104 /* Player.cpp */; };
		B0E7526110BBD243003CA104 /* KeyboardManager.cpp in Sources */ = {isa = PBXBuildFile; fileRef = B0E7526010BBD243003CA104 /* KeyboardManager.cpp */; };
/* End PBXBuildFile section */

/* Begin PBXFileReference section */
		089C165DFE840E0CC02AAC07 /* English */ = {isa = PBXFileReference; fileEncoding = 4; lastKnownFileType = text.plist.strings; name = English; path = English.lproj/InfoPlist.strings; sourceTree = "<group>"; };
		1058C7A1FEA54F0111CA2CBB /* Cocoa.framework */ = {isa = PBXFileReference; lastKnownFileType = wrapper.framework; name = Cocoa.framework; path = /System/Library/Frameworks/Cocoa.framework; sourceTree = "<absolute>"; };
		13E42FB307B3F0F600E4EEF1 /* CoreData.framework */ = {isa = PBXFileReference; lastKnownFileType = wrapper.framework; name = CoreData.framework; path = /System/Library/Frameworks/CoreData.framework; sourceTree = "<absolute>"; };
		1DDD58150DA1D0A300B32029 /* English */ = {isa = PBXFileReference; lastKnownFileType = file.xib; name = English; path = English.lproj/MainMenu.xib; sourceTree = "<group>"; };
		256AC3D80F4B6AC300CF3369 /* Nebula_HorizonAppDelegate.h */ = {isa = PBXFileReference; fileEncoding = 4; lastKnownFileType = sourcecode.c.h; path = Nebula_HorizonAppDelegate.h; sourceTree = "<group>"; };
		256AC3D90F4B6AC300CF3369 /* Nebula_HorizonAppDelegate.mm */ = {isa = PBXFileReference; fileEncoding = 4; lastKnownFileType = sourcecode.cpp.objcpp; path = Nebula_HorizonAppDelegate.mm; sourceTree = "<group>"; };
		256AC3F00F4B6AF500CF3369 /* Nebula_Horizon_Prefix.pch */ = {isa = PBXFileReference; fileEncoding = 4; lastKnownFileType = sourcecode.c.h; path = Nebula_Horizon_Prefix.pch; sourceTree = "<group>"; };
		29B97316FDCFA39411CA2CEA /* main.mm */ = {isa = PBXFileReference; fileEncoding = 4; lastKnownFileType = sourcecode.cpp.objcpp; path = main.mm; sourceTree = "<group>"; };
		29B97324FDCFA39411CA2CEA /* AppKit.framework */ = {isa = PBXFileReference; lastKnownFileType = wrapper.framework; name = AppKit.framework; path = /System/Library/Frameworks/AppKit.framework; sourceTree = "<absolute>"; };
		29B97325FDCFA39411CA2CEA /* Foundation.framework */ = {isa = PBXFileReference; lastKnownFileType = wrapper.framework; name = Foundation.framework; path = /System/Library/Frameworks/Foundation.framework; sourceTree = "<absolute>"; };
		8D1107310486CEB800E47090 /* Nebula_Horizon-Info.plist */ = {isa = PBXFileReference; fileEncoding = 4; lastKnownFileType = text.plist.xml; path = "Nebula_Horizon-Info.plist"; sourceTree = "<group>"; };
		8D1107320486CEB800E47090 /* Nebula Horizon.app */ = {isa = PBXFileReference; explicitFileType = wrapper.application; includeInIndex = 0; path = "Nebula Horizon.app"; sourceTree = BUILT_PRODUCTS_DIR; };
		B02CBB1610BD1AA500A6AEA0 /* Skycube.h */ = {isa = PBXFileReference; fileEncoding = 4; lastKnownFileType = sourcecode.c.h; path = Skycube.h; sourceTree = "<group>"; };
		B02CBB1710BD1AA500A6AEA0 /* Skycube.cpp */ = {isa = PBXFileReference; fileEncoding = 4; lastKnownFileType = sourcecode.cpp.cpp; path = Skycube.cpp; sourceTree = "<group>"; };
		B02CBB2A10BD1E7400A6AEA0 /* TextureLoader.h */ = {isa = PBXFileReference; fileEncoding = 4; lastKnownFileType = sourcecode.c.h; path = TextureLoader.h; sourceTree = "<group>"; };
		B02CBB2B10BD1E7400A6AEA0 /* TextureLoader.cpp */ = {isa = PBXFileReference; fileEncoding = 4; lastKnownFileType = sourcecode.cpp.cpp; path = TextureLoader.cpp; sourceTree = "<group>"; };
		B02CBB3A10BD241100A6AEA0 /* RawTextureLoader.h */ = {isa = PBXFileReference; fileEncoding = 4; lastKnownFileType = sourcecode.c.h; path = RawTextureLoader.h; sourceTree = "<group>"; };
		B02CBB3B10BD241100A6AEA0 /* RawTextureLoader.cpp */ = {isa = PBXFileReference; fileEncoding = 4; lastKnownFileType = sourcecode.cpp.cpp; path = RawTextureLoader.cpp; sourceTree = "<group>"; };
		B0E7506210BB94E7003CA104 /* GLDisplayList.cpp */ = {isa = PBXFileReference; fileEncoding = 4; lastKnownFileType = sourcecode.cpp.cpp; path = GLDisplayList.cpp; sourceTree = "<group>"; };
		B0E7506310BB94E7003CA104 /* GLDisplayList.h */ = {isa = PBXFileReference; fileEncoding = 4; lastKnownFileType = sourcecode.c.h; path = GLDisplayList.h; sourceTree = "<group>"; };
		B0E7506410BB94E7003CA104 /* GLMeshLoader.cpp */ = {isa = PBXFileReference; fileEncoding = 4; lastKnownFileType = sourcecode.cpp.cpp; path = GLMeshLoader.cpp; sourceTree = "<group>"; };
		B0E7506510BB94E7003CA104 /* GLMeshLoader.h */ = {isa = PBXFileReference; fileEncoding = 4; lastKnownFileType = sourcecode.c.h; path = GLMeshLoader.h; sourceTree = "<group>"; };
		B0E7506710BB94E7003CA104 /* MeshLoader.cpp */ = {isa = PBXFileReference; fileEncoding = 4; lastKnownFileType = sourcecode.cpp.cpp; path = MeshLoader.cpp; sourceTree = "<group>"; };
		B0E7506810BB94E7003CA104 /* MeshLoader.h */ = {isa = PBXFileReference; fileEncoding = 4; lastKnownFileType = sourcecode.c.h; path = MeshLoader.h; sourceTree = "<group>"; };
		B0E7506910BB94E7003CA104 /* Quadruple.h */ = {isa = PBXFileReference; fileEncoding = 4; lastKnownFileType = sourcecode.c.h; path = Quadruple.h; sourceTree = "<group>"; };
		B0E7506A10BB94E7003CA104 /* Renderable.cpp */ = {isa = PBXFileReference; fileEncoding = 4; lastKnownFileType = sourcecode.cpp.cpp; path = Renderable.cpp; sourceTree = "<group>"; };
		B0E7506B10BB94E7003CA104 /* Renderable.h */ = {isa = PBXFileReference; fileEncoding = 4; lastKnownFileType = sourcecode.c.h; path = Renderable.h; sourceTree = "<group>"; };
		B0E7506C10BB94E7003CA104 /* RenderQueue.cpp */ = {isa = PBXFileReference; fileEncoding = 4; lastKnownFileType = sourcecode.cpp.cpp; path = RenderQueue.cpp; sourceTree = "<group>"; };
		B0E7506D10BB94E7003CA104 /* RenderQueue.h */ = {isa = PBXFileReference; fileEncoding = 4; lastKnownFileType = sourcecode.c.h; path = RenderQueue.h; sourceTree = "<group>"; };
		B0E7506E10BB94E7003CA104 /* Triple.h */ = {isa = PBXFileReference; fileEncoding = 4; lastKnownFileType = sourcecode.c.h; path = Triple.h; sourceTree = "<group>"; };
		B0E7506F10BB94E7003CA104 /* Tuple.h */ = {isa = PBXFileReference; fileEncoding = 4; lastKnownFileType = sourcecode.c.h; path = Tuple.h; sourceTree = "<group>"; };
		B0E7507010BB94E7003CA104 /* WavefrontGLMeshLoader.cpp */ = {isa = PBXFileReference; fileEncoding = 4; lastKnownFileType = sourcecode.cpp.cpp; path = WavefrontGLMeshLoader.cpp; sourceTree = "<group>"; };
		B0E7507110BB94E7003CA104 /* WavefrontGLMeshLoader.h */ = {isa = PBXFileReference; fileEncoding = 4; lastKnownFileType = sourcecode.c.h; path = WavefrontGLMeshLoader.h; sourceTree = "<group>"; };
		B0E750AF10BBA740003CA104 /* handlers.cpp */ = {isa = PBXFileReference; fileEncoding = 4; lastKnownFileType = sourcecode.cpp.cpp; path = handlers.cpp; sourceTree = "<group>"; };
		B0E750B110BBA75A003CA104 /* handlers.h */ = {isa = PBXFileReference; fileEncoding = 4; lastKnownFileType = sourcecode.c.h; path = handlers.h; sourceTree = "<group>"; };
		B0E7510510BBAD30003CA104 /* GLUT.framework */ = {isa = PBXFileReference; lastKnownFileType = wrapper.framework; name = GLUT.framework; path = /System/Library/Frameworks/GLUT.framework; sourceTree = "<absolute>"; };
		B0E7510710BBAD30003CA104 /* OpenAL.framework */ = {isa = PBXFileReference; lastKnownFileType = wrapper.framework; name = OpenAL.framework; path = /System/Library/Frameworks/OpenAL.framework; sourceTree = "<absolute>"; };
		B0E7510910BBAD30003CA104 /* OpenGL.framework */ = {isa = PBXFileReference; lastKnownFileType = wrapper.framework; name = OpenGL.framework; path = /System/Library/Frameworks/OpenGL.framework; sourceTree = "<absolute>"; };
		B0E7514010BBB3C3003CA104 /* Nebula Horizon.icns */ = {isa = PBXFileReference; lastKnownFileType = image.icns; path = "Nebula Horizon.icns"; sourceTree = "<group>"; };
		B0E7514B10BBB3FF003CA104 /* viper.mtl */ = {isa = PBXFileReference; fileEncoding = 4; lastKnownFileType = text; path = viper.mtl; sourceTree = "<group>"; };
		B0E7514C10BBB3FF003CA104 /* viper.obj */ = {isa = PBXFileReference; fileEncoding = 4; lastKnownFileType = text; path = viper.obj; sourceTree = "<group>"; };
		B0E7519110BBBCAE003CA104 /* Player.h */ = {isa = PBXFileReference; fileEncoding = 4; lastKnownFileType = sourcecode.c.h; path = Player.h; sourceTree = "<group>"; };
		B0E7519210BBBCAE003CA104 /* Player.cpp */ = {isa = PBXFileReference; fileEncoding = 4; lastKnownFileType = sourcecode.cpp.cpp; path = Player.cpp; sourceTree = "<group>"; };
		B0E7525F10BBD243003CA104 /* KeyboardManager.h */ = {isa = PBXFileReference; fileEncoding = 4; lastKnownFileType = sourcecode.c.h; path = KeyboardManager.h; sourceTree = "<group>"; };
		B0E7526010BBD243003CA104 /* KeyboardManager.cpp */ = {isa = PBXFileReference; fileEncoding = 4; lastKnownFileType = sourcecode.cpp.cpp; path = KeyboardManager.cpp; sourceTree = "<group>"; };
/* End PBXFileReference section */

/* Begin PBXFrameworksBuildPhase section */
		8D11072E0486CEB800E47090 /* Frameworks */ = {
			isa = PBXFrameworksBuildPhase;
			buildActionMask = 2147483647;
			files = (
				8D11072F0486CEB800E47090 /* Cocoa.framework in Frameworks */,
				B0E7510610BBAD30003CA104 /* GLUT.framework in Frameworks */,
				B0E7510810BBAD30003CA104 /* OpenAL.framework in Frameworks */,
				B0E7510A10BBAD30003CA104 /* OpenGL.framework in Frameworks */,
			);
			runOnlyForDeploymentPostprocessing = 0;
		};
/* End PBXFrameworksBuildPhase section */

/* Begin PBXGroup section */
		080E96DDFE201D6D7F000001 /* Classes */ = {
			isa = PBXGroup;
			children = (
				256AC3D80F4B6AC300CF3369 /* Nebula_HorizonAppDelegate.h */,
				256AC3D90F4B6AC300CF3369 /* Nebula_HorizonAppDelegate.mm */,
			);
			name = Classes;
			sourceTree = "<group>";
		};
		1058C7A0FEA54F0111CA2CBB /* Linked Frameworks */ = {
			isa = PBXGroup;
			children = (
				B0E7510510BBAD30003CA104 /* GLUT.framework */,
				B0E7510710BBAD30003CA104 /* OpenAL.framework */,
				B0E7510910BBAD30003CA104 /* OpenGL.framework */,
				1058C7A1FEA54F0111CA2CBB /* Cocoa.framework */,
			);
			name = "Linked Frameworks";
			sourceTree = "<group>";
		};
		1058C7A2FEA54F0111CA2CBB /* Other Frameworks */ = {
			isa = PBXGroup;
			children = (
				29B97324FDCFA39411CA2CEA /* AppKit.framework */,
				13E42FB307B3F0F600E4EEF1 /* CoreData.framework */,
				29B97325FDCFA39411CA2CEA /* Foundation.framework */,
			);
			name = "Other Frameworks";
			sourceTree = "<group>";
		};
		19C28FACFE9D520D11CA2CBB /* Products */ = {
			isa = PBXGroup;
			children = (
				8D1107320486CEB800E47090 /* Nebula Horizon.app */,
			);
			name = Products;
			sourceTree = "<group>";
		};
		29B97314FDCFA39411CA2CEA /* Nebula Horizon */ = {
			isa = PBXGroup;
			children = (
				B0E7504610BB9467003CA104 /* Codebase */,
				080E96DDFE201D6D7F000001 /* Classes */,
				29B97315FDCFA39411CA2CEA /* Other Sources */,
				29B97317FDCFA39411CA2CEA /* Resources */,
				29B97323FDCFA39411CA2CEA /* Frameworks */,
				19C28FACFE9D520D11CA2CBB /* Products */,
			);
			name = "Nebula Horizon";
			sourceTree = "<group>";
		};
		29B97315FDCFA39411CA2CEA /* Other Sources */ = {
			isa = PBXGroup;
			children = (
				256AC3F00F4B6AF500CF3369 /* Nebula_Horizon_Prefix.pch */,
				29B97316FDCFA39411CA2CEA /* main.mm */,
			);
			name = "Other Sources";
			sourceTree = "<group>";
		};
		29B97317FDCFA39411CA2CEA /* Resources */ = {
			isa = PBXGroup;
			children = (
				B0E7514A10BBB3FF003CA104 /* meshes */,
				B0E7514010BBB3C3003CA104 /* Nebula Horizon.icns */,
				8D1107310486CEB800E47090 /* Nebula_Horizon-Info.plist */,
				089C165CFE840E0CC02AAC07 /* InfoPlist.strings */,
				1DDD58140DA1D0A300B32029 /* MainMenu.xib */,
			);
			name = Resources;
			sourceTree = "<group>";
		};
		29B97323FDCFA39411CA2CEA /* Frameworks */ = {
			isa = PBXGroup;
			children = (
				1058C7A0FEA54F0111CA2CBB /* Linked Frameworks */,
				1058C7A2FEA54F0111CA2CBB /* Other Frameworks */,
			);
			name = Frameworks;
			sourceTree = "<group>";
		};
		B0E7504610BB9467003CA104 /* Codebase */ = {
			isa = PBXGroup;
			children = (
				B0E7506210BB94E7003CA104 /* GLDisplayList.cpp */,
				B0E7506310BB94E7003CA104 /* GLDisplayList.h */,
				B0E7506410BB94E7003CA104 /* GLMeshLoader.cpp */,
				B0E7506510BB94E7003CA104 /* GLMeshLoader.h */,
				B0E7526010BBD243003CA104 /* KeyboardManager.cpp */,
				B0E7525F10BBD243003CA104 /* KeyboardManager.h */,
				B0E7506710BB94E7003CA104 /* MeshLoader.cpp */,
				B0E7506810BB94E7003CA104 /* MeshLoader.h */,
				B0E7519210BBBCAE003CA104 /* Player.cpp */,
				B0E7519110BBBCAE003CA104 /* Player.h */,
				B0E7506910BB94E7003CA104 /* Quadruple.h */,
				B02CBB3B10BD241100A6AEA0 /* RawTextureLoader.cpp */,
				B02CBB3A10BD241100A6AEA0 /* RawTextureLoader.h */,
				B0E7506A10BB94E7003CA104 /* Renderable.cpp */,
				B0E7506B10BB94E7003CA104 /* Renderable.h */,
				B0E7506C10BB94E7003CA104 /* RenderQueue.cpp */,
				B0E7506D10BB94E7003CA104 /* RenderQueue.h */,
				B02CBB1710BD1AA500A6AEA0 /* Skycube.cpp */,
				B02CBB1610BD1AA500A6AEA0 /* Skycube.h */,
				B02CBB2B10BD1E7400A6AEA0 /* TextureLoader.cpp */,
				B02CBB2A10BD1E7400A6AEA0 /* TextureLoader.h */,
				B0E7506E10BB94E7003CA104 /* Triple.h */,
				B0E7506F10BB94E7003CA104 /* Tuple.h */,
				B0E7507010BB94E7003CA104 /* WavefrontGLMeshLoader.cpp */,
				B0E7507110BB94E7003CA104 /* WavefrontGLMeshLoader.h */,
				B0E750AF10BBA740003CA104 /* handlers.cpp */,
				B0E750B110BBA75A003CA104 /* handlers.h */,
			);
			name = Codebase;
			path = src;
			sourceTree = "<group>";
		};
		B0E7514A10BBB3FF003CA104 /* meshes */ = {
			isa = PBXGroup;
			children = (
				B0E7514B10BBB3FF003CA104 /* viper.mtl */,
				B0E7514C10BBB3FF003CA104 /* viper.obj */,
			);
			path = meshes;
			sourceTree = "<group>";
		};
/* End PBXGroup section */

/* Begin PBXNativeTarget section */
		8D1107260486CEB800E47090 /* Nebula Horizon */ = {
			isa = PBXNativeTarget;
			buildConfigurationList = C01FCF4A08A954540054247B /* Build configuration list for PBXNativeTarget "Nebula Horizon" */;
			buildPhases = (
				8D1107290486CEB800E47090 /* Resources */,
				8D11072C0486CEB800E47090 /* Sources */,
				8D11072E0486CEB800E47090 /* Frameworks */,
			);
			buildRules = (
			);
			dependencies = (
			);
			name = "Nebula Horizon";
			productInstallPath = "$(HOME)/Applications";
			productName = "Nebula Horizon";
			productReference = 8D1107320486CEB800E47090 /* Nebula Horizon.app */;
			productType = "com.apple.product-type.application";
		};
/* End PBXNativeTarget section */

/* Begin PBXProject section */
		29B97313FDCFA39411CA2CEA /* Project object */ = {
			isa = PBXProject;
			buildConfigurationList = C01FCF4E08A954540054247B /* Build configuration list for PBXProject "Nebula Horizon" */;
			compatibilityVersion = "Xcode 3.1";
			hasScannedForEncodings = 1;
			mainGroup = 29B97314FDCFA39411CA2CEA /* Nebula Horizon */;
			projectDirPath = "";
			projectRoot = "";
			targets = (
				8D1107260486CEB800E47090 /* Nebula Horizon */,
			);
		};
/* End PBXProject section */

/* Begin PBXResourcesBuildPhase section */
		8D1107290486CEB800E47090 /* Resources */ = {
			isa = PBXResourcesBuildPhase;
			buildActionMask = 2147483647;
			files = (
				8D11072B0486CEB800E47090 /* InfoPlist.strings in Resources */,
				1DDD58160DA1D0A300B32029 /* MainMenu.xib in Resources */,
				B0E7514110BBB3C3003CA104 /* Nebula Horizon.icns in Resources */,
				B0E7514D10BBB3FF003CA104 /* viper.mtl in Resources */,
				B0E7514E10BBB3FF003CA104 /* viper.obj in Resources */,
			);
			runOnlyForDeploymentPostprocessing = 0;
		};
/* End PBXResourcesBuildPhase section */

/* Begin PBXSourcesBuildPhase section */
		8D11072C0486CEB800E47090 /* Sources */ = {
			isa = PBXSourcesBuildPhase;
			buildActionMask = 2147483647;
			files = (
				8D11072D0486CEB800E47090 /* main.mm in Sources */,
				256AC3DA0F4B6AC300CF3369 /* Nebula_HorizonAppDelegate.mm in Sources */,
				B0E7507210BB94E7003CA104 /* GLDisplayList.cpp in Sources */,
				B0E7507310BB94E7003CA104 /* GLMeshLoader.cpp in Sources */,
				B0E7507510BB94E7003CA104 /* MeshLoader.cpp in Sources */,
				B0E7507610BB94E7003CA104 /* Renderable.cpp in Sources */,
				B0E7507710BB94E7003CA104 /* RenderQueue.cpp in Sources */,
				B0E7507810BB94E7003CA104 /* WavefrontGLMeshLoader.cpp in Sources */,
				B0E750B010BBA740003CA104 /* handlers.cpp in Sources */,
				B0E7519310BBBCAE003CA104 /* Player.cpp in Sources */,
				B0E7526110BBD243003CA104 /* KeyboardManager.cpp in Sources */,
				B02CBB1810BD1AA500A6AEA0 /* Skycube.cpp in Sources */,
				B02CBB2C10BD1E7400A6AEA0 /* TextureLoader.cpp in Sources */,
				B02CBB3C10BD241100A6AEA0 /* RawTextureLoader.cpp in Sources */,
			);
			runOnlyForDeploymentPostprocessing = 0;
		};
/* End PBXSourcesBuildPhase section */

/* Begin PBXVariantGroup section */
		089C165CFE840E0CC02AAC07 /* InfoPlist.strings */ = {
			isa = PBXVariantGroup;
			children = (
				089C165DFE840E0CC02AAC07 /* English */,
			);
			name = InfoPlist.strings;
			sourceTree = "<group>";
		};
		1DDD58140DA1D0A300B32029 /* MainMenu.xib */ = {
			isa = PBXVariantGroup;
			children = (
				1DDD58150DA1D0A300B32029 /* English */,
			);
			name = MainMenu.xib;
			sourceTree = "<group>";
		};
/* End PBXVariantGroup section */

/* Begin XCBuildConfiguration section */
		C01FCF4B08A954540054247B /* Debug */ = {
			isa = XCBuildConfiguration;
			buildSettings = {
				ALWAYS_SEARCH_USER_PATHS = NO;
				COPY_PHASE_STRIP = NO;
				GCC_DYNAMIC_NO_PIC = NO;
				GCC_ENABLE_FIX_AND_CONTINUE = YES;
				GCC_MODEL_TUNING = G5;
				GCC_OPTIMIZATION_LEVEL = 0;
				GCC_PRECOMPILE_PREFIX_HEADER = YES;
				GCC_PREFIX_HEADER = Nebula_Horizon_Prefix.pch;
				INFOPLIST_FILE = "Nebula_Horizon-Info.plist";
				INSTALL_PATH = "$(HOME)/Applications";
				PRODUCT_NAME = "Nebula Horizon";
			};
			name = Debug;
		};
		C01FCF4C08A954540054247B /* Release */ = {
			isa = XCBuildConfiguration;
			buildSettings = {
				ALWAYS_SEARCH_USER_PATHS = NO;
				DEBUG_INFORMATION_FORMAT = "dwarf-with-dsym";
				GCC_MODEL_TUNING = G5;
				GCC_PRECOMPILE_PREFIX_HEADER = YES;
				GCC_PREFIX_HEADER = Nebula_Horizon_Prefix.pch;
				INFOPLIST_FILE = "Nebula_Horizon-Info.plist";
				INSTALL_PATH = "$(HOME)/Applications";
				PRODUCT_NAME = "Nebula Horizon";
			};
			name = Release;
		};
		C01FCF4F08A954540054247B /* Debug */ = {
			isa = XCBuildConfiguration;
			buildSettings = {
				ARCHS = "$(ARCHS_STANDARD_32_64_BIT)";
				GCC_C_LANGUAGE_STANDARD = gnu99;
				GCC_OPTIMIZATION_LEVEL = 0;
				GCC_WARN_ABOUT_RETURN_TYPE = YES;
				GCC_WARN_UNUSED_VARIABLE = YES;
				ONLY_ACTIVE_ARCH = YES;
				PREBINDING = NO;
				SDKROOT = macosx10.6;
			};
			name = Debug;
		};
		C01FCF5008A954540054247B /* Release */ = {
			isa = XCBuildConfiguration;
			buildSettings = {
				ARCHS = "$(ARCHS_STANDARD_32_64_BIT)";
				GCC_C_LANGUAGE_STANDARD = gnu99;
				GCC_WARN_ABOUT_RETURN_TYPE = YES;
				GCC_WARN_UNUSED_VARIABLE = YES;
				PREBINDING = NO;
				SDKROOT = macosx10.6;
			};
			name = Release;
		};
/* End XCBuildConfiguration section */

/* Begin XCConfigurationList section */
		C01FCF4A08A954540054247B /* Build configuration list for PBXNativeTarget "Nebula Horizon" */ = {
			isa = XCConfigurationList;
			buildConfigurations = (
				C01FCF4B08A954540054247B /* Debug */,
				C01FCF4C08A954540054247B /* Release */,
			);
			defaultConfigurationIsVisible = 0;
			defaultConfigurationName = Release;
		};
		C01FCF4E08A954540054247B /* Build configuration list for PBXProject "Nebula Horizon" */ = {
			isa = XCConfigurationList;
			buildConfigurations = (
				C01FCF4F08A954540054247B /* Debug */,
				C01FCF5008A954540054247B /* Release */,
			);
			defaultConfigurationIsVisible = 0;
			defaultConfigurationName = Release;
		};
/* End XCConfigurationList section */
	};
	rootObject = 29B97313FDCFA39411CA2CEA /* Project object */;
}
